{
  "object": {
    "pins": [
      {
        "package": "Protocols",
        "repositoryURL": "https://github.com/popmedic/decouple-protocols.git",
        "state": {
          "branch": null,
          "revision": "d5b24025cdc61009ea1b1d3d3c7868f7218117b0",
          "version": "0.0.4"
        }
      }
    ]
  },
  "version": 1
}
